
Microsoft Visual Studio Solution File, Format Version 12.00
# Visual Studio Version 17
VisualStudioVersion = 17.7.34031.279
MinimumVisualStudioVersion = 10.0.40219.1
Project("{FAE04EC0-301F-11D3-BF4B-00C04F79EFBC}") = "Hello World", "Hello World\Hello World.csproj", "{D0532033-7665-4ADB-898B-B3722FF27FF0}"
EndProject
Project("{FAE04EC0-301F-11D3-BF4B-00C04F79EFBC}") = "EventsAndDelegates", "EventsAndDelegates\EventsAndDelegates.csproj", "{36E8596D-AB5B-49EA-B526-75472596FD9A}"
EndProject
Global
	GlobalSection(SolutionConfigurationPlatforms) = preSolution
		Debug|Any CPU = Debug|Any CPU
		Release|Any CPU = Release|Any CPU
	EndGlobalSection
	GlobalSection(ProjectConfigurationPlatforms) = postSolution
		{D0532033-7665-4ADB-898B-B3722FF27FF0}.Debug|Any CPU.ActiveCfg = Debug|Any CPU
		{D0532033-7665-4ADB-898B-B3722FF27FF0}.Debug|Any CPU.Build.0 = Debug|Any CPU
		{D0532033-7665-4ADB-898B-B3722FF27FF0}.Release|Any CPU.ActiveCfg = Release|Any CPU
		{D0532033-7665-4ADB-898B-B3722FF27FF0}.Release|Any CPU.Build.0 = Release|Any CPU
		{36E8596D-AB5B-49EA-B526-75472596FD9A}.Debug|Any CPU.ActiveCfg = Debug|Any CPU
		{36E8596D-AB5B-49EA-B526-75472596FD9A}.Debug|Any CPU.Build.0 = Debug|Any CPU
		{36E8596D-AB5B-49EA-B526-75472596FD9A}.Release|Any CPU.ActiveCfg = Release|Any CPU
		{36E8596D-AB5B-49EA-B526-75472596FD9A}.Release|Any CPU.Build.0 = Release|Any CPU
	EndGlobalSection
	GlobalSection(SolutionProperties) = preSolution
		HideSolutionNode = FALSE
	EndGlobalSection
	GlobalSection(ExtensibilityGlobals) = postSolution
		SolutionGuid = {3F07D082-9389-4A56-B861-60EA2080BAF3}
	EndGlobalSection
EndGlobal
